
Microsoft Visual Studio Solution File, Format Version 12.00
# Visual Studio Version 17
VisualStudioVersion = 17.2.32526.322
MinimumVisualStudioVersion = 10.0.40219.1
Project("{FAE04EC0-301F-11D3-BF4B-00C04F79EFBC}") = "ReverseANumber", "ReverseANumber\ReverseANumber.csproj", "{AC1958B8-C1CD-4F0D-B4D7-AF73BEDEDC15}"
EndProject
Global
	GlobalSection(SolutionConfigurationPlatforms) = preSolution
		Debug|Any CPU = Debug|Any CPU
		Release|Any CPU = Release|Any CPU
	EndGlobalSection
	GlobalSection(ProjectConfigurationPlatforms) = postSolution
		{AC1958B8-C1CD-4F0D-B4D7-AF73BEDEDC15}.Debug|Any CPU.ActiveCfg = Debug|Any CPU
		{AC1958B8-C1CD-4F0D-B4D7-AF73BEDEDC15}.Debug|Any CPU.Build.0 = Debug|Any CPU
		{AC1958B8-C1CD-4F0D-B4D7-AF73BEDEDC15}.Release|Any CPU.ActiveCfg = Release|Any CPU
		{AC1958B8-C1CD-4F0D-B4D7-AF73BEDEDC15}.Release|Any CPU.Build.0 = Release|Any CPU
	EndGlobalSection
	GlobalSection(SolutionProperties) = preSolution
		HideSolutionNode = FALSE
	EndGlobalSection
	GlobalSection(ExtensibilityGlobals) = postSolution
		SolutionGuid = {52B8D5BE-ACB1-499F-8758-E0804D7D0019}
	EndGlobalSection
EndGlobal
