
Microsoft Visual Studio Solution File, Format Version 12.00
# Visual Studio Version 17
VisualStudioVersion = 17.2.32526.322
MinimumVisualStudioVersion = 10.0.40219.1
Project("{FAE04EC0-301F-11D3-BF4B-00C04F79EFBC}") = "PerfectNumber", "PerfectNumber\PerfectNumber.csproj", "{3C0B3507-AD8C-4044-BF64-160323D78475}"
EndProject
Global
	GlobalSection(SolutionConfigurationPlatforms) = preSolution
		Debug|Any CPU = Debug|Any CPU
		Release|Any CPU = Release|Any CPU
	EndGlobalSection
	GlobalSection(ProjectConfigurationPlatforms) = postSolution
		{3C0B3507-AD8C-4044-BF64-160323D78475}.Debug|Any CPU.ActiveCfg = Debug|Any CPU
		{3C0B3507-AD8C-4044-BF64-160323D78475}.Debug|Any CPU.Build.0 = Debug|Any CPU
		{3C0B3507-AD8C-4044-BF64-160323D78475}.Release|Any CPU.ActiveCfg = Release|Any CPU
		{3C0B3507-AD8C-4044-BF64-160323D78475}.Release|Any CPU.Build.0 = Release|Any CPU
	EndGlobalSection
	GlobalSection(SolutionProperties) = preSolution
		HideSolutionNode = FALSE
	EndGlobalSection
	GlobalSection(ExtensibilityGlobals) = postSolution
		SolutionGuid = {D11813F1-4F29-4F20-9D84-119E53BCED3C}
	EndGlobalSection
EndGlobal
